
Microsoft Visual Studio Solution File, Format Version 12.00
# Visual Studio Version 17
VisualStudioVersion = 17.1.32228.430
MinimumVisualStudioVersion = 10.0.40219.1
Project("{FAE04EC0-301F-11D3-BF4B-00C04F79EFBC}") = "GoldParserEngine", "GoldParserEngine\GoldParserEngine.csproj", "{0A2299A4-B711-45CD-A462-322EBE773646}"
EndProject
Project("{FAE04EC0-301F-11D3-BF4B-00C04F79EFBC}") = "GoldParserEngineTestApp", "GoldParserEngineTestApp\GoldParserEngineTestApp.csproj", "{DF7BB291-61DC-4053-9643-7ABFF6CB5694}"
EndProject
Global
	GlobalSection(SolutionConfigurationPlatforms) = preSolution
		Debug|Any CPU = Debug|Any CPU
		Release|Any CPU = Release|Any CPU
	EndGlobalSection
	GlobalSection(ProjectConfigurationPlatforms) = postSolution
		{0A2299A4-B711-45CD-A462-322EBE773646}.Debug|Any CPU.ActiveCfg = Debug|Any CPU
		{0A2299A4-B711-45CD-A462-322EBE773646}.Debug|Any CPU.Build.0 = Debug|Any CPU
		{0A2299A4-B711-45CD-A462-322EBE773646}.Release|Any CPU.ActiveCfg = Release|Any CPU
		{0A2299A4-B711-45CD-A462-322EBE773646}.Release|Any CPU.Build.0 = Release|Any CPU
		{DF7BB291-61DC-4053-9643-7ABFF6CB5694}.Debug|Any CPU.ActiveCfg = Debug|Any CPU
		{DF7BB291-61DC-4053-9643-7ABFF6CB5694}.Debug|Any CPU.Build.0 = Debug|Any CPU
		{DF7BB291-61DC-4053-9643-7ABFF6CB5694}.Release|Any CPU.ActiveCfg = Release|Any CPU
		{DF7BB291-61DC-4053-9643-7ABFF6CB5694}.Release|Any CPU.Build.0 = Release|Any CPU
	EndGlobalSection
	GlobalSection(SolutionProperties) = preSolution
		HideSolutionNode = FALSE
	EndGlobalSection
	GlobalSection(ExtensibilityGlobals) = postSolution
		SolutionGuid = {7222070A-6193-431D-9435-02A0C5214B5D}
	EndGlobalSection
EndGlobal
