
Microsoft Visual Studio Solution File, Format Version 12.00
# Visual Studio Version 17
VisualStudioVersion = 17.8.34330.188
MinimumVisualStudioVersion = 10.0.40219.1
Project("{9A19103F-16F7-4668-BE54-9A1E7A4F7556}") = "DescribeParser.IntegrationTests", "DescribeParserTest\DescribeParser.IntegrationTests.csproj", "{A2DF5065-29B1-493A-934F-D6C619E52D53}"
EndProject
Project("{9A19103F-16F7-4668-BE54-9A1E7A4F7556}") = "Antlr4", "..\AntlrRuntime\Antlr4.csproj", "{E77001D1-2181-4E2C-9003-3BBA327EBDFD}"
EndProject
Project("{9A19103F-16F7-4668-BE54-9A1E7A4F7556}") = "DescribeParser", "..\DescribeParser\DescribeParser.csproj", "{6E209463-18D5-40E6-87E7-99E7BF708EF3}"
EndProject
Project("{FAE04EC0-301F-11D3-BF4B-00C04F79EFBC}") = "DescribeParser.UnitTests", "..\DescribeParserUnitTests\DescribeParser.UnitTests\DescribeParser.UnitTests.csproj", "{BF9EF62D-B45E-4B3D-A6D0-59E17FD7FE71}"
EndProject
Global
	GlobalSection(SolutionConfigurationPlatforms) = preSolution
		Debug|Any CPU = Debug|Any CPU
		Release|Any CPU = Release|Any CPU
	EndGlobalSection
	GlobalSection(ProjectConfigurationPlatforms) = postSolution
		{A2DF5065-29B1-493A-934F-D6C619E52D53}.Debug|Any CPU.ActiveCfg = Debug|Any CPU
		{A2DF5065-29B1-493A-934F-D6C619E52D53}.Debug|Any CPU.Build.0 = Debug|Any CPU
		{A2DF5065-29B1-493A-934F-D6C619E52D53}.Release|Any CPU.ActiveCfg = Release|Any CPU
		{A2DF5065-29B1-493A-934F-D6C619E52D53}.Release|Any CPU.Build.0 = Release|Any CPU
		{E77001D1-2181-4E2C-9003-3BBA327EBDFD}.Debug|Any CPU.ActiveCfg = Debug|Any CPU
		{E77001D1-2181-4E2C-9003-3BBA327EBDFD}.Debug|Any CPU.Build.0 = Debug|Any CPU
		{E77001D1-2181-4E2C-9003-3BBA327EBDFD}.Release|Any CPU.ActiveCfg = Release|Any CPU
		{E77001D1-2181-4E2C-9003-3BBA327EBDFD}.Release|Any CPU.Build.0 = Release|Any CPU
		{6E209463-18D5-40E6-87E7-99E7BF708EF3}.Debug|Any CPU.ActiveCfg = Debug|Any CPU
		{6E209463-18D5-40E6-87E7-99E7BF708EF3}.Debug|Any CPU.Build.0 = Debug|Any CPU
		{6E209463-18D5-40E6-87E7-99E7BF708EF3}.Release|Any CPU.ActiveCfg = Release|Any CPU
		{6E209463-18D5-40E6-87E7-99E7BF708EF3}.Release|Any CPU.Build.0 = Release|Any CPU
		{BF9EF62D-B45E-4B3D-A6D0-59E17FD7FE71}.Debug|Any CPU.ActiveCfg = Debug|Any CPU
		{BF9EF62D-B45E-4B3D-A6D0-59E17FD7FE71}.Debug|Any CPU.Build.0 = Debug|Any CPU
		{BF9EF62D-B45E-4B3D-A6D0-59E17FD7FE71}.Release|Any CPU.ActiveCfg = Release|Any CPU
		{BF9EF62D-B45E-4B3D-A6D0-59E17FD7FE71}.Release|Any CPU.Build.0 = Release|Any CPU
	EndGlobalSection
	GlobalSection(SolutionProperties) = preSolution
		HideSolutionNode = FALSE
	EndGlobalSection
	GlobalSection(ExtensibilityGlobals) = postSolution
		SolutionGuid = {BBB71044-B542-48FA-9576-A8E4B499BDE6}
	EndGlobalSection
EndGlobal
